
Microsoft Visual Studio Solution File, Format Version 12.00
# Visual Studio 15
VisualStudioVersion = 15.0.27703.2026
MinimumVisualStudioVersion = 10.0.40219.1
Project("{8BC9CEB8-8B4A-11D0-8D11-00A0C91BC942}") = "UniLib", "UniLib\UniLib.vcxproj", "{1F2801D3-F72A-46DB-8325-FEAFC7EC4208}"
EndProject
Global
	GlobalSection(SolutionConfigurationPlatforms) = preSolution
		Debug|x64 = Debug|x64
		Debug|x86 = Debug|x86
		Release|x64 = Release|x64
		Release|x86 = Release|x86
	EndGlobalSection
	GlobalSection(ProjectConfigurationPlatforms) = postSolution
		{1F2801D3-F72A-46DB-8325-FEAFC7EC4208}.Debug|x64.ActiveCfg = Debug|x64
		{1F2801D3-F72A-46DB-8325-FEAFC7EC4208}.Debug|x64.Build.0 = Debug|x64
		{1F2801D3-F72A-46DB-8325-FEAFC7EC4208}.Debug|x86.ActiveCfg = Debug|Win32
		{1F2801D3-F72A-46DB-8325-FEAFC7EC4208}.Debug|x86.Build.0 = Debug|Win32
		{1F2801D3-F72A-46DB-8325-FEAFC7EC4208}.Release|x64.ActiveCfg = Release|x64
		{1F2801D3-F72A-46DB-8325-FEAFC7EC4208}.Release|x64.Build.0 = Release|x64
		{1F2801D3-F72A-46DB-8325-FEAFC7EC4208}.Release|x86.ActiveCfg = Release|Win32
		{1F2801D3-F72A-46DB-8325-FEAFC7EC4208}.Release|x86.Build.0 = Release|Win32
	EndGlobalSection
	GlobalSection(SolutionProperties) = preSolution
		HideSolutionNode = FALSE
	EndGlobalSection
	GlobalSection(ExtensibilityGlobals) = postSolution
		SolutionGuid = {6BAC53FA-3363-4645-B77D-AC19CA6D1631}
	EndGlobalSection
EndGlobal
