
Microsoft Visual Studio Solution File, Format Version 12.00
# Visual Studio 15
VisualStudioVersion = 15.0.27703.2026
MinimumVisualStudioVersion = 10.0.40219.1
Project("{FAE04EC0-301F-11D3-BF4B-00C04F79EFBC}") = "UniLib", "UniLib\UniLib.csproj", "{99E277F1-8386-4D1E-A7B8-BCD1416141C5}"
EndProject
Global
	GlobalSection(SolutionConfigurationPlatforms) = preSolution
		Debug|Any CPU = Debug|Any CPU
		Release|Any CPU = Release|Any CPU
	EndGlobalSection
	GlobalSection(ProjectConfigurationPlatforms) = postSolution
		{99E277F1-8386-4D1E-A7B8-BCD1416141C5}.Debug|Any CPU.ActiveCfg = Debug|Any CPU
		{99E277F1-8386-4D1E-A7B8-BCD1416141C5}.Debug|Any CPU.Build.0 = Debug|Any CPU
		{99E277F1-8386-4D1E-A7B8-BCD1416141C5}.Release|Any CPU.ActiveCfg = Release|Any CPU
		{99E277F1-8386-4D1E-A7B8-BCD1416141C5}.Release|Any CPU.Build.0 = Release|Any CPU
	EndGlobalSection
	GlobalSection(SolutionProperties) = preSolution
		HideSolutionNode = FALSE
	EndGlobalSection
	GlobalSection(ExtensibilityGlobals) = postSolution
		SolutionGuid = {306D4FA6-715B-4521-9399-94637E10C2EA}
	EndGlobalSection
EndGlobal
